
Microsoft Visual Studio Solution File, Format Version 12.00
# Visual Studio Version 16
VisualStudioVersion = 16.0.31515.178
MinimumVisualStudioVersion = 10.0.40219.1
Project("{FAE04EC0-301F-11D3-BF4B-00C04F79EFBC}") = "TrabajoPractico1", "TrabajoPractico1\TrabajoPractico1.csproj", "{BB8F6FFA-2152-43A6-AF10-6955D5E7613A}"
EndProject
Global
	GlobalSection(SolutionConfigurationPlatforms) = preSolution
		Debug|Any CPU = Debug|Any CPU
		Release|Any CPU = Release|Any CPU
	EndGlobalSection
	GlobalSection(ProjectConfigurationPlatforms) = postSolution
		{BB8F6FFA-2152-43A6-AF10-6955D5E7613A}.Debug|Any CPU.ActiveCfg = Debug|Any CPU
		{BB8F6FFA-2152-43A6-AF10-6955D5E7613A}.Debug|Any CPU.Build.0 = Debug|Any CPU
		{BB8F6FFA-2152-43A6-AF10-6955D5E7613A}.Release|Any CPU.ActiveCfg = Release|Any CPU
		{BB8F6FFA-2152-43A6-AF10-6955D5E7613A}.Release|Any CPU.Build.0 = Release|Any CPU
	EndGlobalSection
	GlobalSection(SolutionProperties) = preSolution
		HideSolutionNode = FALSE
	EndGlobalSection
	GlobalSection(ExtensibilityGlobals) = postSolution
		SolutionGuid = {45AF4E50-8F85-4B27-9C4A-6C5A024B6543}
	EndGlobalSection
EndGlobal
